
Microsoft Visual Studio Solution File, Format Version 12.00
# Visual Studio 14
VisualStudioVersion = 14.0.24720.0
MinimumVisualStudioVersion = 10.0.40219.1
Project("{FAE04EC0-301F-11D3-BF4B-00C04F79EFBC}") = "simple-calculator", "simple-calculator\simple-calculator.csproj", "{D1DC0D51-1FF4-423D-A338-3F52E13DAF78}"
EndProject
Project("{FAE04EC0-301F-11D3-BF4B-00C04F79EFBC}") = "simple-calculator.tests", "simple-calculator.tests\simple-calculator.tests.csproj", "{839FECC5-DCEC-4798-9585-F5E1D696D9FA}"
EndProject
Global
	GlobalSection(SolutionConfigurationPlatforms) = preSolution
		Debug|Any CPU = Debug|Any CPU
		Release|Any CPU = Release|Any CPU
	EndGlobalSection
	GlobalSection(ProjectConfigurationPlatforms) = postSolution
		{D1DC0D51-1FF4-423D-A338-3F52E13DAF78}.Debug|Any CPU.ActiveCfg = Debug|Any CPU
		{D1DC0D51-1FF4-423D-A338-3F52E13DAF78}.Debug|Any CPU.Build.0 = Debug|Any CPU
		{D1DC0D51-1FF4-423D-A338-3F52E13DAF78}.Release|Any CPU.ActiveCfg = Release|Any CPU
		{D1DC0D51-1FF4-423D-A338-3F52E13DAF78}.Release|Any CPU.Build.0 = Release|Any CPU
		{839FECC5-DCEC-4798-9585-F5E1D696D9FA}.Debug|Any CPU.ActiveCfg = Debug|Any CPU
		{839FECC5-DCEC-4798-9585-F5E1D696D9FA}.Debug|Any CPU.Build.0 = Debug|Any CPU
		{839FECC5-DCEC-4798-9585-F5E1D696D9FA}.Release|Any CPU.ActiveCfg = Release|Any CPU
		{839FECC5-DCEC-4798-9585-F5E1D696D9FA}.Release|Any CPU.Build.0 = Release|Any CPU
	EndGlobalSection
	GlobalSection(SolutionProperties) = preSolution
		HideSolutionNode = FALSE
	EndGlobalSection
EndGlobal
